# This file was autogenerated by Stack.
# You should not edit this file by hand.
# For more information, please see the documentation at:
#   https://docs.haskellstack.org/en/stable/lock_files

packages:
- completed:
    hackage: generic-arbitrary-0.2.1@sha256:82e28b909cf4a57e599f7b59273a621122cab4998b831d87866b2372e61bb302,1189
    pantry-tree:
      size: 294
      sha256: 188add0c14661ccaf78f41d287dfaa348e320d10d57d447ea500cc3ce949a56a
  original:
    hackage: generic-arbitrary-0.2.1
snapshots:
- completed:
    size: 539378
    url: https://raw.githubusercontent.com/commercialhaskell/stackage-snapshots/master/nightly/2022/3/30.yaml
    sha256: 745431a4c5b78cc93d81e99b2253a1e0eacd4f94e00cf17dab7cc14e665332e3
  original: nightly-2022-03-30
